github.com/gohugoio/hugo-mod-bootstrap-scss/v5 v5.20200.20101 h1:wUe8RXjpJYs83CucuWJT7XuqCzQ52f5/N7zlV8woHEg=
github.com/gohugoio/hugo-mod-bootstrap-scss/v5 v5.20200.20101/go.mod h1:Z5Bhe4pfn8reoHhWqCQMWEAynLCIeBAt1TDwni4fipM=
github.com/gohugoio/hugo-mod-jslibs-dist/popperjs/v2 v2.21100.20000/go.mod h1:mFberT6ZtcchrsDtfvJM7aAH2bDKLdOnruUHl0hlapI=
github.com/jakearchibald/idb v7.1.1+incompatible h1:/o1ng3qUjgMUeeKFim3J3tiQAitcVXU12pXIjSzwT/c=
github.com/jakearchibald/idb v7.1.1+incompatible/go.mod h1:AuDoW54s2DKfbclM+ScrnPp8ahUQ9rHph9bb8sZTEXc=
github.com/krisk/Fuse v6.6.2+incompatible h1:laigOpZFs/xUi9zGjVu5t19bcvzRVufoXCnPSgQZmYI=
github.com/krisk/Fuse v6.6.2+incompatible/go.mod h1:3moWv8rDjwoKic9nwiPLgZjldkbdTAbtzJHCu/Vsj4A=
github.com/razonyang/hb v0.4.1 h1:oZ3/3AzhyFsuIx3QSb/Ib38LvquchbvFLwXdanoE0eA=
github.com/razonyang/hb v0.4.1/go.mod h1:X02luEAFN9eoQTNdlef8xbWIw75UBibtde3FyoA8kaM=
github.com/razonyang/hb/modules/back-to-top v0.1.0 h1:YYiPv0pjJqMT+4FXsO3/6RWs7brvwDBGPPyze6edlEc=
github.com/razonyang/hb/modules/back-to-top v0.1.0/go.mod h1:MPQoGyZp7p3TSrjOEJwCVXgMCJmV7i8PKdBVhnZNDjI=
github.com/razonyang/hb/modules/base v0.3.0 h1:4c4ayW4L4pdQrYN0EKANsbR8ru0z4Vdn+j2ueaMZJlE=
github.com/razonyang/hb/modules/base v0.3.0/go.mod h1:MQuoQsQvDDc+5j5HSrb0/5AyVRxYMf2QCnTeQjvIC60=
github.com/razonyang/hb/modules/blog v0.1.0 h1:/9MO7Zy6XR0Y3MLVGMpXN+ORhn9zF3gDQDUts+M9bRU=
github.com/razonyang/hb/modules/blog v0.1.0/go.mod h1:Kj7KwC4q/h12sZpXsnevvu++AG+rSw2B7fOU5u5u+F0=
github.com/razonyang/hb/modules/blog/modules/breadcrumb v0.1.0 h1:/M6dE7Ua1BABtcNsDk7jLrbn4TRNiY11UzWLr47qmqY=
github.com/razonyang/hb/modules/blog/modules/breadcrumb v0.1.0/go.mod h1:U/HttkZXIaJCwR3WZU4i4Breh0fy1LoV8EVNnE4qSx0=
github.com/razonyang/hb/modules/blog/modules/disqus v0.1.0 h1:U5w+k9qGE4AXaxReiYJzUvQqGtyWBbg71wQYHcyTn8g=
github.com/razonyang/hb/modules/blog/modules/disqus v0.1.0/go.mod h1:gv3PJs3gYhfn0nOkhdFCjOMD9bnug+zR8ieSytNaOiI=
github.com/razonyang/hb/modules/blog/modules/giscus v0.1.0 h1:LoMk85ZD3kE802tS09rbd+BFajF+WceKiNwRYlWuZGY=
github.com/razonyang/hb/modules/blog/modules/giscus v0.1.0/go.mod h1:cF0NFOtPUJ0qrEZypJxVZG/ZvdqCF0EjiKuHwyz+Msg=
github.com/razonyang/hb/modules/blog/modules/post-nav v0.1.0 h1:TJrKfGITkDLQoCRWdv0jGrrei8B3dVzvz3PKxz26lso=
github.com/razonyang/hb/modules/blog/modules/post-nav v0.1.0/go.mod h1:TyQ8mPf/nkh+cZc4soXLgGY6XONiRrlbUfIboxuKk2w=
github.com/razonyang/hb/modules/blog/modules/related-posts v0.1.0 h1:aUL5xTRg0OKbtu/HI96PGVJuctFLgaEhUfw45DEvx+I=
github.com/razonyang/hb/modules/blog/modules/related-posts v0.1.0/go.mod h1:niToQm/+XrC52rra2vjHx6zfyZ0v1AgKk7bv3RmgsFA=
github.com/razonyang/hb/modules/blog/modules/utterances v0.1.0 h1:fCEL3sIipGjyO+ilF07P3y5Iw2JtOQxHO0e6sQgF+4g=
github.com/razonyang/hb/modules/blog/modules/utterances v0.1.0/go.mod h1:qdgwW+jSPotbpGDBxtWOnrBR3RZPrflwKGPoFZxuAMo=
github.com/razonyang/hb/modules/bootstrap v0.1.0 h1:XJJ+LCn/8Vu6g21ACYfbE0IkHcBVT279HY+QF+Yv5IA=
github.com/razonyang/hb/modules/bootstrap v0.1.0/go.mod h1:QCoMAZuDHz9/oDpy9FchkrOzlmhmEAPgV1VWvABKcUA=
github.com/razonyang/hb/modules/code-block-panel v0.1.0 h1:ORMHpnSOlDeuKyRlRShuw7PyTIV1zeYUOP8GPooVSO8=
github.com/razonyang/hb/modules/code-block-panel v0.1.0/go.mod h1:0pd73yUEubuHSja8iJri2YmL+AkPsBD8QnMYeF9jyFY=
github.com/razonyang/hb/modules/docs v0.1.0 h1:CdSNQ1MTHi4wegMVxjB5lPqOntql15Ns8fNCv0BWifk=
github.com/razonyang/hb/modules/docs v0.1.0/go.mod h1:uC1mMpJ+rRJddakgWYJ6VMgC1wFJmF/atvB2i9zlajI=
github.com/razonyang/hb/modules/docs/modules/breadcrumb v0.1.0 h1:l2otXQg2rOw6PPAcVq5dT/U7b6YvaSh1xavgTRNPnlc=
github.com/razonyang/hb/modules/docs/modules/breadcrumb v0.1.0/go.mod h1:tjWBCEWymEmPBmTLAQQStRo6TeMWGL2VKYoGRDlBc/Q=
github.com/razonyang/hb/modules/docs/modules/disqus v0.1.1 h1:McJVRWMsAdX7R9/n5kKjH3vcRmMDajhv3De/oM+X3uM=
github.com/razonyang/hb/modules/docs/modules/disqus v0.1.1/go.mod h1:qCQudybBVu1iSIhUxDPqjk0xfBGIvWq/7YOC4mB2Rtk=
github.com/razonyang/hb/modules/docs/modules/doc-nav v0.1.0 h1:coi90/IFu3g5G0PkG1ROm5hXXmKpseBGSH/NfCD3Tqo=
github.com/razonyang/hb/modules/docs/modules/doc-nav v0.1.0/go.mod h1:A4DCjp/3ePo2lVxDz9caN8zOgm2iZtLK0ifflJrULqw=
github.com/razonyang/hb/modules/docs/modules/giscus v0.1.0 h1:LDZmJ/mSdZ9bLyBUymAAnruWQrjNAkBCM75s+xtIrzU=
github.com/razonyang/hb/modules/docs/modules/giscus v0.1.0/go.mod h1:aObKeriEQ0XLGvLt7eCw7SoGG4g1v0gXM2XtHFyLZXo=
github.com/razonyang/hb/modules/docs/modules/utterances v0.1.1 h1:6jK0pSy0w1SHx3/QTVklx5ds4jNyESEgB+8rKPBmaVU=
github.com/razonyang/hb/modules/docs/modules/utterances v0.1.1/go.mod h1:Puqe7yjlmMu4r2vcZVU3E8R6sD09l4K4rgLnwqD/Uus=
github.com/razonyang/hb/modules/docs/modules/utterances v0.1.2 h1:HIfqQ3+OjxxJQEQPiqkJZ0x/I9s2cZn6UrC6BAVGG5E=
github.com/razonyang/hb/modules/docs/modules/utterances v0.1.2/go.mod h1:Puqe7yjlmMu4r2vcZVU3E8R6sD09l4K4rgLnwqD/Uus=
github.com/razonyang/hb/modules/footer v0.1.1 h1:tcumJ2NirXBlMviFuphGUinKW0k4RR8eLxxzm+LxYZs=
github.com/razonyang/hb/modules/footer v0.1.1/go.mod h1:EsK5y6BHFb2bQ94nwbi/XKmOAq9Axs5BkBpxZ6ydEY0=
github.com/razonyang/hb/modules/header v0.1.0 h1:dZypRdabo/+NPsmyQP5o5Va7eTHo/1ZHnwr1sq+Se/8=
github.com/razonyang/hb/modules/header/modules/language-picker v0.1.0 h1:VJ7lHER5oxGjYZb8suU+ACPKQW/ktg+i+6AMjEVaWqk=
github.com/razonyang/hb/modules/header/modules/language-picker v0.1.0/go.mod h1:4GChGT0joaf0hndfdUFj15G/gKbvgVhv1c1Nx4xGXFA=
github.com/razonyang/hb/modules/header/modules/search v0.1.0 h1:wSRF5BzQLQnYuG3IEoaDI24WMI1zYk5tBaQMjC6PoKs=
github.com/razonyang/hb/modules/header/modules/search v0.1.0/go.mod h1:4Cr2JVGhTIHjtZ4IvBQ3VnWGG13DYIjR4hfAzMSdqx4=
github.com/razonyang/hb/modules/header/modules/theme-toggle v0.1.0 h1:WJE60j8qlyDjjthXNH/TAGBhBLd3QpGPQP6a+29F/tA=
github.com/razonyang/hb/modules/header/modules/theme-toggle v0.1.0/go.mod h1:U8YyDULN/SWNCae0acDLIy+JiV844t8mzjw8AzNDlk8=
github.com/razonyang/hb/modules/mermaid v0.1.0 h1:1S3pNHw9TyT4/1EDNty0Qtox+jWq7yeeOJYZrS/ABhM=
github.com/razonyang/hb/modules/mermaid v0.1.0/go.mod h1:F7a2zejyBwIXHg2Jwl2OJ3qfuMa3bZs5BzXpNdKNKkc=
github.com/razonyang/hb/modules/progress-bar v0.3.0 h1:0PaPbkE9pGSMGjuoyXT+ezD1YONcVeamkJfM+DLvsnI=
github.com/razonyang/hb/modules/progress-bar v0.3.0/go.mod h1:b7jJZxZqeQUBkGayqYPJwfjpUa6GQa3UYolydQ6ZJZs=
github.com/razonyang/hb/modules/pwa v0.1.0 h1:Ghwgn7gEvDgUaWg+Me//DEobxDEUtOnT75r1HYwyaOk=
github.com/razonyang/hb/modules/pwa v0.1.0/go.mod h1:HMXogPwZJ0LqTpmg10YOLqUGH1FBsxrUdfECVZBytQQ=
github.com/razonyang/hb/modules/utterances v0.1.0 h1:Gv+LC2ZnNMkUA7ilPqU056uK36uVtz60MZmvzTlhhyI=
github.com/razonyang/hb/modules/utterances v0.1.0/go.mod h1:CijGTdIcVQhI3LGjvb7saeTjfiKU8PXUGYDs/+Ig3Y4=
github.com/razonyang/hugo-mod-bootstrap v0.3.0 h1:hnZ/Xwl75ET745hhzN3XSRU8UrcC5pypq9pmgi7tw2o=
github.com/razonyang/hugo-mod-bootstrap v0.3.0/go.mod h1:hRonTOd2IvGCfK43V1BrSG9lobfAn9ASSt5EtN1o2Ws=
github.com/razonyang/hugo-mod-code-block-panel v0.1.2 h1:LPwtUtR6pAUfLkMD0/IYT0Dh8AnlV4nFIl7BnR0t9dk=
github.com/razonyang/hugo-mod-code-block-panel v0.1.2/go.mod h1:Mwh9GEXbT4OlzrTLX+orerma1PkUbVg9bjke8N7tvVg=
github.com/razonyang/hugo-mod-fuse-js v0.1.0 h1:IPWcKaqhpwlP8ziPiSGCrde6oSCswLfJWhXSCvjcOlk=
github.com/razonyang/hugo-mod-fuse-js v0.1.0/go.mod h1:+0fqwM+6kYuGsPYUO/r1aVcXzSpYW2vu3LDp6GT+zec=
github.com/razonyang/hugo-mod-giscus v1.3.1 h1:/7ojODfEV6gfdWLeUuYNlru3tcrUO7k/t5J//pNS9Ro=
github.com/razonyang/hugo-mod-giscus v1.3.1/go.mod h1:r3tKVPIdUg0xZbAfXZt8pMvwYpxkTT+J0q582qaZV38=
github.com/razonyang/hugo-mod-icons v0.3.0 h1:z9kgC00LDV4QPlK6QgIW8E/iALvuoUW/tIEhlgg+D3w=
github.com/razonyang/hugo-mod-icons-bootstrap v0.2.0 h1:oPXiChKQxtC5xj9DZLrLlERZOtSQr4j/Iup4AI2Se5s=
github.com/razonyang/hugo-mod-icons-bootstrap v0.2.0/go.mod h1:SUvnZyVLycwUSLDFdmehibozDym6yT/xfEaC/US0wHE=
github.com/razonyang/hugo-mod-icons/vendors/font-awesome v0.1.0 h1:Zzoda8utJtyjIH/30WwGQG2MjHx1aDXED3o4XjLDkss=
github.com/razonyang/hugo-mod-icons/vendors/font-awesome v0.1.0/go.mod h1:yqLcWyZFa75Ghb8HfY3ZrQf/osSiZ40/SUdbKFXXm14=
github.com/razonyang/hugo-mod-icons/vendors/simple-icons v0.1.0 h1:ESGccIuNz4zuuzVn1ZKcwG9Ll95vSM3SVXCPY6H/QYY=
github.com/razonyang/hugo-mod-icons/vendors/simple-icons v0.1.0/go.mod h1:enYu2ZW9hqJmZDY5YTlsJDQNY+fCHwpHmXZJnKNioLc=
github.com/razonyang/hugo-mod-pwa v0.1.1 h1:0Ct2je5V5zlJkSBUbiy5SRAV3tb15MdrXMTEru+uViQ=
github.com/razonyang/hugo-mod-pwa v0.1.1/go.mod h1:AyogD5I7yC7YGLWdaGBZx1XyqXNrZTswcjk4FdWi/uU=
github.com/razonyang/hugo-mod-search v0.14.0 h1:ao9Y4sfqkWrgVmfQU4EQ+tuzX3Midb5loxXDIDs0czk=
github.com/razonyang/hugo-mod-search v0.14.0/go.mod h1:rlFETVHvlAXhq4Q/n+0CLttmhz72XdoY2IbOI5p8Bxg=
github.com/razonyang/hugo-mod-seo v0.1.1 h1:HcBHKk34Cle2lMH7mgyE7xEa90LSLVMWYJHl1jvh+d4=
github.com/razonyang/hugo-mod-seo v0.1.1/go.mod h1:yUxF9Xnerl/H1gCJ+XxXYBEe4c1XLjJB0ji/tekDeVc=
github.com/razonyang/hugo-mod-snackbar v0.1.0 h1:efbJTjTwZTKKgJFxFjnDrmSyYIqX1IQGpqgibvg8Pv4=
github.com/razonyang/hugo-mod-snackbar v0.1.0/go.mod h1:oyxNmVVSd7ftc/LAVpwOM0HyHX68PDkFc2FOgYZWd3E=
github.com/razonyang/hugo-mod-workbox v0.1.0 h1:LRmNrw2Bi5Z8Q/ZtdEQngQwbqwtXj34edGOSbiZx2uk=
github.com/razonyang/hugo-mod-workbox v0.1.0/go.mod h1:xHtfVCzHzfijepXdYVH3wejwodFg8yDOmFOrpEogEkk=
github.com/razonyang/hugopress v0.6.0 h1:cQaCTTJGMt4bwZRzIxwKnxHirQn9aoanCw+xRSOC6Mw=
github.com/razonyang/hugopress v0.6.0/go.mod h1:vbHm/Fv59XztrpuCo9TUQwuH4ZWES9zWns7n5GSZn7k=
github.com/twbs/bootstrap v5.2.1+incompatible/go.mod h1:fZTSrkpSf0/HkL0IIJzvVspTt1r9zuf7XlZau8kpcY0=
