github.com/gohugoio/hugo-mod-bootstrap-scss/v5 v5.20200.20101 h1:wUe8RXjpJYs83CucuWJT7XuqCzQ52f5/N7zlV8woHEg=
github.com/gohugoio/hugo-mod-bootstrap-scss/v5 v5.20200.20101/go.mod h1:Z5Bhe4pfn8reoHhWqCQMWEAynLCIeBAt1TDwni4fipM=
github.com/gohugoio/hugo-mod-jslibs-dist/popperjs/v2 v2.21100.20000/go.mod h1:mFberT6ZtcchrsDtfvJM7aAH2bDKLdOnruUHl0hlapI=
github.com/jakearchibald/idb v7.1.1+incompatible h1:/o1ng3qUjgMUeeKFim3J3tiQAitcVXU12pXIjSzwT/c=
github.com/jakearchibald/idb v7.1.1+incompatible/go.mod h1:AuDoW54s2DKfbclM+ScrnPp8ahUQ9rHph9bb8sZTEXc=
github.com/krisk/Fuse v6.6.2+incompatible h1:laigOpZFs/xUi9zGjVu5t19bcvzRVufoXCnPSgQZmYI=
github.com/krisk/Fuse v6.6.2+incompatible/go.mod h1:3moWv8rDjwoKic9nwiPLgZjldkbdTAbtzJHCu/Vsj4A=
github.com/razonyang/hb v0.4.2 h1:XgzrbTeyrdEPT+mHj45KL4nLvONFy9hYjZ7lDy2HoiA=
github.com/razonyang/hb v0.4.2/go.mod h1:crYJai/LDZrBck1+kz2zVLq7Q2+Khuvo0pbMYDmNDtM=
github.com/razonyang/hb/modules/back-to-top v0.1.2 h1:cHcH+K7Cs+eXDUsle68sUCYl8U2VcWQ9wLxAPN0JSy4=
github.com/razonyang/hb/modules/back-to-top v0.1.2/go.mod h1:VeYbEZt9sfojnIfhas9kKXRwErznbYHy9Y2P5nitTVQ=
github.com/razonyang/hb/modules/base v0.3.1 h1:VGeLV+dcIVu5iOhVWjCpBoHKDP22pUeNI24hqSgTnSg=
github.com/razonyang/hb/modules/base v0.3.1/go.mod h1:rfidPXOv6nLUfBER02bFgfNd7sdgf30ZVX7vGK7vLxA=
github.com/razonyang/hb/modules/blog v0.1.0 h1:/9MO7Zy6XR0Y3MLVGMpXN+ORhn9zF3gDQDUts+M9bRU=
github.com/razonyang/hb/modules/blog v0.1.0/go.mod h1:Kj7KwC4q/h12sZpXsnevvu++AG+rSw2B7fOU5u5u+F0=
github.com/razonyang/hb/modules/blog/modules/breadcrumb v0.1.0 h1:/M6dE7Ua1BABtcNsDk7jLrbn4TRNiY11UzWLr47qmqY=
github.com/razonyang/hb/modules/blog/modules/breadcrumb v0.1.0/go.mod h1:U/HttkZXIaJCwR3WZU4i4Breh0fy1LoV8EVNnE4qSx0=
github.com/razonyang/hb/modules/blog/modules/giscus v0.1.0 h1:LoMk85ZD3kE802tS09rbd+BFajF+WceKiNwRYlWuZGY=
github.com/razonyang/hb/modules/blog/modules/giscus v0.1.0/go.mod h1:cF0NFOtPUJ0qrEZypJxVZG/ZvdqCF0EjiKuHwyz+Msg=
github.com/razonyang/hb/modules/blog/modules/post-nav v0.1.1 h1:OEQe7dHYm6wo7/PbOddA3bpyujHWhgRPlAC1KeAvd2M=
github.com/razonyang/hb/modules/blog/modules/post-nav v0.1.1/go.mod h1:PHO2122yVLZ/ioBy2pYoeLifkVMYKh1yvvC/oi2mHvg=
github.com/razonyang/hb/modules/blog/modules/related-posts v0.1.0 h1:aUL5xTRg0OKbtu/HI96PGVJuctFLgaEhUfw45DEvx+I=
github.com/razonyang/hb/modules/blog/modules/related-posts v0.1.0/go.mod h1:niToQm/+XrC52rra2vjHx6zfyZ0v1AgKk7bv3RmgsFA=
github.com/razonyang/hb/modules/bootstrap v0.1.0 h1:XJJ+LCn/8Vu6g21ACYfbE0IkHcBVT279HY+QF+Yv5IA=
github.com/razonyang/hb/modules/bootstrap v0.1.0/go.mod h1:QCoMAZuDHz9/oDpy9FchkrOzlmhmEAPgV1VWvABKcUA=
github.com/razonyang/hb/modules/code-block-panel v0.1.0 h1:ORMHpnSOlDeuKyRlRShuw7PyTIV1zeYUOP8GPooVSO8=
github.com/razonyang/hb/modules/code-block-panel v0.1.0/go.mod h1:0pd73yUEubuHSja8iJri2YmL+AkPsBD8QnMYeF9jyFY=
github.com/razonyang/hb/modules/docs v0.1.0 h1:CdSNQ1MTHi4wegMVxjB5lPqOntql15Ns8fNCv0BWifk=
github.com/razonyang/hb/modules/docs v0.1.0/go.mod h1:uC1mMpJ+rRJddakgWYJ6VMgC1wFJmF/atvB2i9zlajI=
github.com/razonyang/hb/modules/docs/modules/breadcrumb v0.1.0 h1:l2otXQg2rOw6PPAcVq5dT/U7b6YvaSh1xavgTRNPnlc=
github.com/razonyang/hb/modules/docs/modules/breadcrumb v0.1.0/go.mod h1:tjWBCEWymEmPBmTLAQQStRo6TeMWGL2VKYoGRDlBc/Q=
github.com/razonyang/hb/modules/docs/modules/doc-nav v0.1.1 h1:IRSVyvGmQGNTPrZGLkqUiEj1c6I45AbKdOotcWh7Hbo=
github.com/razonyang/hb/modules/docs/modules/doc-nav v0.1.1/go.mod h1:zKrGEO/pf3mv5rSDA6Id37q2tL+1U/004eZQCaIxUw0=
github.com/razonyang/hb/modules/docs/modules/giscus v0.1.0 h1:LDZmJ/mSdZ9bLyBUymAAnruWQrjNAkBCM75s+xtIrzU=
github.com/razonyang/hb/modules/docs/modules/giscus v0.1.0/go.mod h1:aObKeriEQ0XLGvLt7eCw7SoGG4g1v0gXM2XtHFyLZXo=
github.com/razonyang/hb/modules/footer v0.2.1 h1:HO3I9EMqnuzRP4tuCdBXNgz+BcojE+FfmxbyUr1PTCI=
github.com/razonyang/hb/modules/footer v0.2.1/go.mod h1:EsK5y6BHFb2bQ94nwbi/XKmOAq9Axs5BkBpxZ6ydEY0=
github.com/razonyang/hb/modules/footer/modules/socials v0.1.1 h1:tbQX+bkvwFFpQAxm2VsAUFHcyYG/USH5kr4MXlo0D7w=
github.com/razonyang/hb/modules/footer/modules/socials v0.1.1/go.mod h1:LTLmvR6wcdmneZKKyvCenYP08Wiqi5feyCPRSSp0mxs=
github.com/razonyang/hb/modules/header v0.1.3 h1:3+JQ1DLDYZNTFZX257XAsGLDjp5QlDJjlfNQlvWb660=
github.com/razonyang/hb/modules/header/modules/language-picker v0.1.3 h1:dLrRX/avjVJw89tv99nUhu9E+hbjP3rALqRqnjrd0fI=
github.com/razonyang/hb/modules/header/modules/language-picker v0.1.3/go.mod h1:j6U3d7KWz3wKKb/9o7gWWjYwrF3zBC2FjrDL/SwxcSg=
github.com/razonyang/hb/modules/header/modules/search v0.1.2 h1:rvMwdrzDE9p6rhAJkh4NftHBdPvivQb5CE4MFTwVh9M=
github.com/razonyang/hb/modules/header/modules/search v0.1.2/go.mod h1:g+bIQ/9Ur+R57htp7eqW2gc/GTFLtty2Eg5bpNgN4es=
github.com/razonyang/hb/modules/header/modules/socials v0.1.0 h1:p8EVJld6DBcAsB4ION9ugqVJhZdvMbO1AqQuySYRlGQ=
github.com/razonyang/hb/modules/header/modules/socials v0.1.0/go.mod h1:LhDv9UXxrJyh4s5yYChPR3a5RnRa7wLGmXoPNh9cm9k=
github.com/razonyang/hb/modules/header/modules/theme-toggle v0.1.3 h1:sq4gqlgwQhHv0E798MhpIDHOptyENW4KfQDsm0lPpic=
github.com/razonyang/hb/modules/header/modules/theme-toggle v0.1.3/go.mod h1:Wf43SY0SEf87XLIZ8zxytaEqfYrLeDPWR+pLBraIMvs=
github.com/razonyang/hb/modules/mermaid v0.1.0 h1:1S3pNHw9TyT4/1EDNty0Qtox+jWq7yeeOJYZrS/ABhM=
github.com/razonyang/hb/modules/mermaid v0.1.0/go.mod h1:F7a2zejyBwIXHg2Jwl2OJ3qfuMa3bZs5BzXpNdKNKkc=
github.com/razonyang/hb/modules/progress-bar v0.3.0 h1:0PaPbkE9pGSMGjuoyXT+ezD1YONcVeamkJfM+DLvsnI=
github.com/razonyang/hb/modules/progress-bar v0.3.0/go.mod h1:b7jJZxZqeQUBkGayqYPJwfjpUa6GQa3UYolydQ6ZJZs=
github.com/razonyang/hb/modules/pwa v0.1.0 h1:Ghwgn7gEvDgUaWg+Me//DEobxDEUtOnT75r1HYwyaOk=
github.com/razonyang/hb/modules/pwa v0.1.0/go.mod h1:HMXogPwZJ0LqTpmg10YOLqUGH1FBsxrUdfECVZBytQQ=
github.com/razonyang/hb/modules/socials v0.3.0 h1:QLsDO0r47dWJkkPmkSybCpqaIDFqQVATakoeT2+Msr4=
github.com/razonyang/hb/modules/socials v0.3.0/go.mod h1:z2kNm83FVejDUXTxqsng5XQ1XNsOcWesQJVuvUOpXqI=
github.com/razonyang/hugo-mod-bootstrap v0.3.0 h1:hnZ/Xwl75ET745hhzN3XSRU8UrcC5pypq9pmgi7tw2o=
github.com/razonyang/hugo-mod-bootstrap v0.3.0/go.mod h1:hRonTOd2IvGCfK43V1BrSG9lobfAn9ASSt5EtN1o2Ws=
github.com/razonyang/hugo-mod-code-block-panel v0.1.2 h1:LPwtUtR6pAUfLkMD0/IYT0Dh8AnlV4nFIl7BnR0t9dk=
github.com/razonyang/hugo-mod-code-block-panel v0.1.2/go.mod h1:Mwh9GEXbT4OlzrTLX+orerma1PkUbVg9bjke8N7tvVg=
github.com/razonyang/hugo-mod-fuse-js v0.1.0 h1:IPWcKaqhpwlP8ziPiSGCrde6oSCswLfJWhXSCvjcOlk=
github.com/razonyang/hugo-mod-fuse-js v0.1.0/go.mod h1:+0fqwM+6kYuGsPYUO/r1aVcXzSpYW2vu3LDp6GT+zec=
github.com/razonyang/hugo-mod-giscus v1.3.1 h1:/7ojODfEV6gfdWLeUuYNlru3tcrUO7k/t5J//pNS9Ro=
github.com/razonyang/hugo-mod-giscus v1.3.1/go.mod h1:r3tKVPIdUg0xZbAfXZt8pMvwYpxkTT+J0q582qaZV38=
github.com/razonyang/hugo-mod-html v0.0.0-20230113174429-b7604a35d4ba h1:ys1HgLhTyCkWdTH7Oaljp4PEv9jmPucoejspASSJoGs=
github.com/razonyang/hugo-mod-html v0.0.0-20230113174429-b7604a35d4ba/go.mod h1:tlejQGAXuaD9VzR1mb4QHCWEwiq+2aR9S8PvCNS4wh0=
github.com/razonyang/hugo-mod-icons v0.3.0 h1:z9kgC00LDV4QPlK6QgIW8E/iALvuoUW/tIEhlgg+D3w=
github.com/razonyang/hugo-mod-icons-bootstrap v0.2.0 h1:oPXiChKQxtC5xj9DZLrLlERZOtSQr4j/Iup4AI2Se5s=
github.com/razonyang/hugo-mod-icons-bootstrap v0.2.0/go.mod h1:SUvnZyVLycwUSLDFdmehibozDym6yT/xfEaC/US0wHE=
github.com/razonyang/hugo-mod-icons/vendors/font-awesome v0.2.1 h1:vRVHIB1Mlc0NErnQiv6Mj9lGk50p+HQGpH8chCllZJM=
github.com/razonyang/hugo-mod-icons/vendors/font-awesome v0.2.1/go.mod h1:wxR6kbWYI3SOVoswfoORynGCKKPXPuYDVHvcroA2Kv4=
github.com/razonyang/hugo-mod-icons/vendors/simple-icons v0.2.1 h1:/h3CwD0I2E5mCj8+94VzA2uA+RpQ/k+Bh9hr3JnwWNs=
github.com/razonyang/hugo-mod-icons/vendors/simple-icons v0.2.1/go.mod h1:dy8OffPPC7C97baKVUXnD+uJhGZz63Cc7RpUHiH65iI=
github.com/razonyang/hugo-mod-pwa v0.1.1 h1:0Ct2je5V5zlJkSBUbiy5SRAV3tb15MdrXMTEru+uViQ=
github.com/razonyang/hugo-mod-pwa v0.1.1/go.mod h1:AyogD5I7yC7YGLWdaGBZx1XyqXNrZTswcjk4FdWi/uU=
github.com/razonyang/hugo-mod-search v0.14.1 h1:iSnlpm1sHVWf86dLG2FSTlNNtejTDbtsyk1ljQS/7XM=
github.com/razonyang/hugo-mod-search v0.14.1/go.mod h1:rlFETVHvlAXhq4Q/n+0CLttmhz72XdoY2IbOI5p8Bxg=
github.com/razonyang/hugo-mod-seo/modules/alternatives v0.1.0 h1:nbAflzsav8HJAu9pntSJsf3/EUxSREDoEQFGlvZdxyI=
github.com/razonyang/hugo-mod-seo/modules/alternatives v0.1.0/go.mod h1:La9Y9q7Jz2bmkx6ScfwrZem+MCzzFIFlxVeIgrPCN98=
github.com/razonyang/hugo-mod-seo/modules/base v0.1.0 h1:yxExIp191qi1+ktVuHVSnwxxqGBaF00MlHzdGF6AChE=
github.com/razonyang/hugo-mod-seo/modules/base v0.1.0/go.mod h1:aUtXKObukremidQQellT5v8LfABlSMsUM3OYeut9Vxs=
github.com/razonyang/hugo-mod-seo/modules/favicons v0.1.0 h1:KUL6TxCVg0OMtjeRlpZr+J9Vv3m379moAMfxq1/VUbY=
github.com/razonyang/hugo-mod-seo/modules/favicons v0.1.0/go.mod h1:lYZWPq4W2wC98kyo6badOzU8b7EpkqYR/yJdfU3rAy0=
github.com/razonyang/hugo-mod-seo/modules/open-graph v0.1.0 h1:YN80HqDYEyjUswUQJWLzNiwAMhLalpICcfF5F+olRuc=
github.com/razonyang/hugo-mod-seo/modules/open-graph v0.1.0/go.mod h1:lP3h3Kx0rfH7zteNP4g/zPTibQP7SxU8MDBRCCTuxcY=
github.com/razonyang/hugo-mod-seo/modules/schema v0.1.0 h1:vaVs6IiVGM7mwOXGEFGKLw4XbSNNRNJmVbEJI42Xkyo=
github.com/razonyang/hugo-mod-seo/modules/schema v0.1.0/go.mod h1:geFMbzjBccmRaGSXs9Y6Lqv8XaHzfX3+jPbmlHbCEDA=
github.com/razonyang/hugo-mod-seo/modules/translations v0.1.0 h1:ryOXaWRBNoGlZMzPWCO/qdrSQijrxPt98CmahyCiYcA=
github.com/razonyang/hugo-mod-seo/modules/translations v0.1.0/go.mod h1:+kknIu/xdxcU0bIgk1Btymobjd2F/hVRRXLe6FG9XxA=
github.com/razonyang/hugo-mod-seo/modules/twitter-cards v0.1.0 h1:F3fZjGa0bMoRD/5xbBinBvv4zLiHZ58QE4EvILDPCpA=
github.com/razonyang/hugo-mod-seo/modules/twitter-cards v0.1.0/go.mod h1:kwlMxAvV0Qmn9XxzbanLEHmymj/Vx8qSARnEBJDTaXE=
github.com/razonyang/hugo-mod-snackbar v0.1.0 h1:efbJTjTwZTKKgJFxFjnDrmSyYIqX1IQGpqgibvg8Pv4=
github.com/razonyang/hugo-mod-snackbar v0.1.0/go.mod h1:oyxNmVVSd7ftc/LAVpwOM0HyHX68PDkFc2FOgYZWd3E=
github.com/razonyang/hugo-mod-workbox v0.1.0 h1:LRmNrw2Bi5Z8Q/ZtdEQngQwbqwtXj34edGOSbiZx2uk=
github.com/razonyang/hugo-mod-workbox v0.1.0/go.mod h1:xHtfVCzHzfijepXdYVH3wejwodFg8yDOmFOrpEogEkk=
github.com/razonyang/hugopress v0.7.1 h1:5d9H2kR1lHj/k8AwU5SA5RGL3lC5KaA85B+vn0uikWQ=
github.com/razonyang/hugopress v0.7.1/go.mod h1:vbHm/Fv59XztrpuCo9TUQwuH4ZWES9zWns7n5GSZn7k=
github.com/twbs/bootstrap v5.2.1+incompatible/go.mod h1:fZTSrkpSf0/HkL0IIJzvVspTt1r9zuf7XlZau8kpcY0=
